/nfs/turbo/umms-parent/MindscapeProjects/10496-MW-per-sample-rds/seurat_rds/10496-MW-1.rds
/nfs/turbo/umms-parent/MindscapeProjects/10496-MW-per-sample-rds/seurat_rds/10496-MW-2.rds
/nfs/turbo/umms-parent/MindscapeProjects/10496-MW-per-sample-rds/seurat_rds/10496-MW-3.rds
/nfs/turbo/umms-parent/MindscapeProjects/10496-MW-per-sample-rds/seurat_rds/10496-MW-4.rds
/nfs/turbo/umms-parent/MindscapeProjects/10496-MW-per-sample-rds/seurat_rds/10496-MW-5.rds
/nfs/turbo/umms-parent/MindscapeProjects/10496-MW-per-sample-rds/seurat_rds/10496-MW-6.rds
/nfs/turbo/umms-parent/MindscapeProjects/10496-MW-per-sample-rds/qc_filtered/10496-MW-1_qc_filtered.rds
/nfs/turbo/umms-parent/MindscapeProjects/10496-MW-per-sample-rds/qc_filtered/10496-MW-2_qc_filtered.rds
/nfs/turbo/umms-parent/MindscapeProjects/10496-MW-per-sample-rds/qc_filtered/10496-MW-3_qc_filtered.rds
/nfs/turbo/umms-parent/MindscapeProjects/10496-MW-per-sample-rds/qc_filtered/10496-MW-4_qc_filtered.rds
/nfs/turbo/umms-parent/MindscapeProjects/10496-MW-per-sample-rds/qc_filtered/10496-MW-5_qc_filtered.rds
/nfs/turbo/umms-parent/MindscapeProjects/10496-MW-per-sample-rds/qc_filtered/10496-MW-6_qc_filtered.rds
/nfs/turbo/umms-parent/MindscapeProjects/10496-MW-per-sample-rds/RidgePlots_QC_nFeature_nCounts_percent_Mito_sample/10496-MW-1_QC_ridgeplot.png
/nfs/turbo/umms-parent/MindscapeProjects/10496-MW-per-sample-rds/RidgePlots_QC_nFeature_nCounts_percent_Mito_sample/10496-MW-2_QC_ridgeplot.png
/nfs/turbo/umms-parent/MindscapeProjects/10496-MW-per-sample-rds/RidgePlots_QC_nFeature_nCounts_percent_Mito_sample/10496-MW-3_QC_ridgeplot.png
/nfs/turbo/umms-parent/MindscapeProjects/10496-MW-per-sample-rds/RidgePlots_QC_nFeature_nCounts_percent_Mito_sample/10496-MW-4_QC_ridgeplot.png
/nfs/turbo/umms-parent/MindscapeProjects/10496-MW-per-sample-rds/RidgePlots_QC_nFeature_nCounts_percent_Mito_sample/10496-MW-5_QC_ridgeplot.png
/nfs/turbo/umms-parent/MindscapeProjects/10496-MW-per-sample-rds/RidgePlots_QC_nFeature_nCounts_percent_Mito_sample/10496-MW-6_QC_ridgeplot.png
/nfs/turbo/umms-parent/Manny_test/10496-MW-reanalysis/outs/per_sample_outs/10496-MW-1/count/sample_filtered_feature_bc_matrix
init.done
/nfs/turbo/umms-parent/Manny_test/10496-MW-reanalysis/outs/per_sample_outs/10496-MW-2/count/sample_filtered_feature_bc_matrix
init.done
/nfs/turbo/umms-parent/Manny_test/10496-MW-reanalysis/outs/per_sample_outs/10496-MW-3/count/sample_filtered_feature_bc_matrix
init.done
/nfs/turbo/umms-parent/Manny_test/10496-MW-reanalysis/outs/per_sample_outs/10496-MW-4/count/sample_filtered_feature_bc_matrix
init.done
/nfs/turbo/umms-parent/Manny_test/10496-MW-reanalysis/outs/per_sample_outs/10496-MW-5/count/sample_filtered_feature_bc_matrix
init.done
/nfs/turbo/umms-parent/Manny_test/10496-MW-reanalysis/outs/per_sample_outs/10496-MW-6/count/sample_filtered_feature_bc_matrix
init.done
/nfs/turbo/umms-parent/MindscapeProjects/10496-MW-per-sample-rds/seurat_rds/10496-MW-1.rds
/nfs/turbo/umms-parent/MindscapeProjects/10496-MW-per-sample-rds/seurat_rds/10496-MW-2.rds
/nfs/turbo/umms-parent/MindscapeProjects/10496-MW-per-sample-rds/seurat_rds/10496-MW-3.rds
/nfs/turbo/umms-parent/MindscapeProjects/10496-MW-per-sample-rds/seurat_rds/10496-MW-4.rds
/nfs/turbo/umms-parent/MindscapeProjects/10496-MW-per-sample-rds/seurat_rds/10496-MW-5.rds
/nfs/turbo/umms-parent/MindscapeProjects/10496-MW-per-sample-rds/seurat_rds/10496-MW-6.rds
